
Microsoft Visual Studio Solution File, Format Version 12.00
# Visual Studio Version 17
VisualStudioVersion = 17.8.34408.163
MinimumVisualStudioVersion = 10.0.40219.1
Project("{9A19103F-16F7-4668-BE54-9A1E7A4F7556}") = "meliApi", "meliApi\meliApi.csproj", "{73F25F13-53FA-48CD-B94D-D9881A929356}"
EndProject
Project("{FAE04EC0-301F-11D3-BF4B-00C04F79EFBC}") = "RefreshToken", "RefreshToken\RefreshToken.csproj", "{BA691FB9-6A88-4A0B-9045-DF19BF1B8287}"
EndProject
Global
	GlobalSection(SolutionConfigurationPlatforms) = preSolution
		Debug|Any CPU = Debug|Any CPU
		Release|Any CPU = Release|Any CPU
	EndGlobalSection
	GlobalSection(ProjectConfigurationPlatforms) = postSolution
		{73F25F13-53FA-48CD-B94D-D9881A929356}.Debug|Any CPU.ActiveCfg = Debug|Any CPU
		{73F25F13-53FA-48CD-B94D-D9881A929356}.Debug|Any CPU.Build.0 = Debug|Any CPU
		{73F25F13-53FA-48CD-B94D-D9881A929356}.Release|Any CPU.ActiveCfg = Release|Any CPU
		{73F25F13-53FA-48CD-B94D-D9881A929356}.Release|Any CPU.Build.0 = Release|Any CPU
		{BA691FB9-6A88-4A0B-9045-DF19BF1B8287}.Debug|Any CPU.ActiveCfg = Debug|Any CPU
		{BA691FB9-6A88-4A0B-9045-DF19BF1B8287}.Debug|Any CPU.Build.0 = Debug|Any CPU
		{BA691FB9-6A88-4A0B-9045-DF19BF1B8287}.Release|Any CPU.ActiveCfg = Release|Any CPU
		{BA691FB9-6A88-4A0B-9045-DF19BF1B8287}.Release|Any CPU.Build.0 = Release|Any CPU
	EndGlobalSection
	GlobalSection(SolutionProperties) = preSolution
		HideSolutionNode = FALSE
	EndGlobalSection
	GlobalSection(ExtensibilityGlobals) = postSolution
		SolutionGuid = {EA68B13C-A77A-4501-8111-3EE40BC83006}
	EndGlobalSection
EndGlobal
